Microsoft Visual Studio Solution File, Format Version 11.00
# Visual Studio 2008

Project("{672F535B-9929-CEB5-546B-8176FB5A8FDF}") = "Katelo - Le secret des machines", "Assembly-CSharp-firstpass.csproj", "{C9C504EF-6B1C-A88E-A76B-EFD2DB90AA34}"
EndProject
Project("{672F535B-9929-CEB5-546B-8176FB5A8FDF}") = "Katelo - Le secret des machines", "Assembly-CSharp.csproj", "{7FB75F72-172F-9CC3-8E42-3BC53A8799AF}"
EndProject
Global
	GlobalSection(SolutionConfigurationPlatforms) = preSolution
		Debug|Any CPU = Debug|Any CPU
		Release|Any CPU = Release|Any CPU
	EndGlobalSection
	GlobalSection(ProjectConfigurationPlatforms) = postSolution
		{C9C504EF-6B1C-A88E-A76B-EFD2DB90AA34}.Debug|Any CPU.ActiveCfg = Debug|Any CPU
		{C9C504EF-6B1C-A88E-A76B-EFD2DB90AA34}.Debug|Any CPU.Build.0 = Debug|Any CPU
		{C9C504EF-6B1C-A88E-A76B-EFD2DB90AA34}.Release|Any CPU.ActiveCfg = Release|Any CPU
		{C9C504EF-6B1C-A88E-A76B-EFD2DB90AA34}.Release|Any CPU.Build.0 = Release|Any CPU
		{7FB75F72-172F-9CC3-8E42-3BC53A8799AF}.Debug|Any CPU.ActiveCfg = Debug|Any CPU
		{7FB75F72-172F-9CC3-8E42-3BC53A8799AF}.Debug|Any CPU.Build.0 = Debug|Any CPU
		{7FB75F72-172F-9CC3-8E42-3BC53A8799AF}.Release|Any CPU.ActiveCfg = Release|Any CPU
		{7FB75F72-172F-9CC3-8E42-3BC53A8799AF}.Release|Any CPU.Build.0 = Release|Any CPU
	EndGlobalSection
	GlobalSection(SolutionProperties) = preSolution
		HideSolutionNode = FALSE
	EndGlobalSection
	GlobalSection(MonoDevelopProperties) = preSolution
		StartupItem = Assembly-CSharp.csproj
	EndGlobalSection
EndGlobal
